
Microsoft Visual Studio Solution File, Format Version 12.00
# Visual Studio Version 17
VisualStudioVersion = 17.11.35303.130
MinimumVisualStudioVersion = 10.0.40219.1
Project("{2150E333-8FDC-42A3-9474-1A3956D46DE8}") = "Task0", "Task0", "{48CAD3AE-CF49-4C93-9707-D8C7EAD1C2BB}"
EndProject
Project("{FAE04EC0-301F-11D3-BF4B-00C04F79EFBC}") = "Tyuiu.MusinND.Sprint1.Task0.V21", "Tyuiu.MusinND.Sprint1.Task0.V21\Tyuiu.MusinND.Sprint1.Task0.V21.csproj", "{261AD094-AF58-4D99-AF15-DA7E7F01351F}"
EndProject
Project("{FAE04EC0-301F-11D3-BF4B-00C04F79EFBC}") = "Tyuiu.MusinND.Sprint1.Task0.V21.Lib", "Tyuiu.MusinND.Sprint1.Task0.V21.Lib\Tyuiu.MusinND.Sprint1.Task0.V21.Lib.csproj", "{6C95D3DA-06DF-4836-B1F1-B5CA6ACBBD1D}"
EndProject
Project("{FAE04EC0-301F-11D3-BF4B-00C04F79EFBC}") = "Tyuiu.MusinND.Sprint1.Task0.V21.Test", "Tyuiu.MusinND.Sprint1.Task0.V21.Test\Tyuiu.MusinND.Sprint1.Task0.V21.Test.csproj", "{CFCD6F00-6BF1-4DF9-AE37-41D293B50D5D}"
EndProject
Project("{2150E333-8FDC-42A3-9474-1A3956D46DE8}") = "Task1", "Task1", "{B1D7B345-7CA9-4D75-92DD-8EE9A07E8110}"
EndProject
Project("{FAE04EC0-301F-11D3-BF4B-00C04F79EFBC}") = "Tyuiu.MusinND.Sprint1.Task1.V6.Test", "Tyuiu.MusinND.Sprint1.Task1.V6.Test\Tyuiu.MusinND.Sprint1.Task1.V6.Test.csproj", "{EB47B03D-77D1-48C3-A126-9C27DA22FEE9}"
EndProject
Project("{FAE04EC0-301F-11D3-BF4B-00C04F79EFBC}") = "Tyuiu.MusinND.Sprint1.Task1.V6.Lib", "Tyuiu.MusinND.Sprint1.Task1.V6.Lib\Tyuiu.MusinND.Sprint1.Task1.V6.Lib.csproj", "{9EF7CF3B-6AAC-42B3-BAE6-16C01B87CF15}"
EndProject
Project("{FAE04EC0-301F-11D3-BF4B-00C04F79EFBC}") = "Tyuiu.MusinND.Sprint1.Task1.V6", "Tyuiu.MusinND.Sprint1.Task1.V6\Tyuiu.MusinND.Sprint1.Task1.V6.csproj", "{11718D07-1E4A-475E-B499-6F6F3926FACD}"
EndProject
Project("{2150E333-8FDC-42A3-9474-1A3956D46DE8}") = "Task2", "Task2", "{CEC7C6FB-E989-49CE-8290-1B90E4E7CBA6}"
EndProject
Project("{FAE04EC0-301F-11D3-BF4B-00C04F79EFBC}") = "Tyuiu.MusinND.Sprint1.Task2.V10", "Tyuiu.MusinND.Sprint1.Task2.V10\Tyuiu.MusinND.Sprint1.Task2.V10.csproj", "{55A54FAD-14C8-4150-9E01-6D89AE6BAEC7}"
EndProject
Project("{FAE04EC0-301F-11D3-BF4B-00C04F79EFBC}") = "Tyuiu.MusinND.Sprint1.Task2.V10.Lib", "Tyuiu.MusinND.Sprint1.Task2.V10.Lib\Tyuiu.MusinND.Sprint1.Task2.V10.Lib.csproj", "{48956617-017B-42E3-B2BE-7587CD92D20A}"
EndProject
Project("{FAE04EC0-301F-11D3-BF4B-00C04F79EFBC}") = "Tyuiu.MusinND.Sprint1.Task2.V10.Test", "Tyuiu.MusinND.Sprint1.Task2.V10.Test\Tyuiu.MusinND.Sprint1.Task2.V10.Test.csproj", "{A7B5A7B0-C6BA-42EC-B5E9-4D53205333EA}"
EndProject
Project("{2150E333-8FDC-42A3-9474-1A3956D46DE8}") = "Task3", "Task3", "{52C02E51-5C1A-43C7-9B17-C9FE8B220576}"
EndProject
Project("{FAE04EC0-301F-11D3-BF4B-00C04F79EFBC}") = "Tyuiu.MusinND.Sprint1.Task3.V10", "Tyuiu.MusinND.Sprint1.Task3.V10\Tyuiu.MusinND.Sprint1.Task3.V10.csproj", "{BB3F9C43-0FC7-44CD-B19A-6EF1BEA9A9A3}"
EndProject
Project("{FAE04EC0-301F-11D3-BF4B-00C04F79EFBC}") = "Tyuiu.MusinND.Sprint1.Task3.V10.Test", "Tyuiu.MusinND.Sprint1.Task3.V10.Test\Tyuiu.MusinND.Sprint1.Task3.V10.Test.csproj", "{AE23F533-0A7D-4FCF-94D6-6F534453F99B}"
EndProject
Project("{FAE04EC0-301F-11D3-BF4B-00C04F79EFBC}") = "Tyuiu.MusinND.Sprint1.Task3.V10.Lib", "Tyuiu.MusinND.Sprint1.Task3.V10.Lib\Tyuiu.MusinND.Sprint1.Task3.V10.Lib.csproj", "{8D2C9E9A-7AB9-441E-A1BE-E17370ED8947}"
EndProject
Project("{2150E333-8FDC-42A3-9474-1A3956D46DE8}") = "Task4", "Task4", "{7503BFDA-B9BC-424E-B31C-47F68A3639B9}"
EndProject
Project("{FAE04EC0-301F-11D3-BF4B-00C04F79EFBC}") = "Tyuiu.MusinND.Sprint1.Task4.V13", "Tyuiu.MusinND.Sprint1.Task4.V13\Tyuiu.MusinND.Sprint1.Task4.V13.csproj", "{D6A9F1B0-53B3-45E3-BF19-8BBDE8B9E303}"
EndProject
Project("{FAE04EC0-301F-11D3-BF4B-00C04F79EFBC}") = "Tyuiu.MusinND.Sprint1.Task4.V13.Lib", "Tyuiu.MusinND.Sprint1.Task4.V13.Lib\Tyuiu.MusinND.Sprint1.Task4.V13.Lib.csproj", "{104C89A7-0003-4BB5-B2D4-BC87DDDACC03}"
EndProject
Project("{FAE04EC0-301F-11D3-BF4B-00C04F79EFBC}") = "Tyuiu.MusinND.Sprint1.Task4.V13.Test", "Tyuiu.MusinND.Sprint1.Task4.V13.Test\Tyuiu.MusinND.Sprint1.Task4.V13.Test.csproj", "{4EF061FB-1FD2-4B9B-9D83-F96246C4A573}"
EndProject
Global
	GlobalSection(SolutionConfigurationPlatforms) = preSolution
		Debug|Any CPU = Debug|Any CPU
		Release|Any CPU = Release|Any CPU
	EndGlobalSection
	GlobalSection(ProjectConfigurationPlatforms) = postSolution
		{261AD094-AF58-4D99-AF15-DA7E7F01351F}.Debug|Any CPU.ActiveCfg = Debug|Any CPU
		{261AD094-AF58-4D99-AF15-DA7E7F01351F}.Debug|Any CPU.Build.0 = Debug|Any CPU
		{261AD094-AF58-4D99-AF15-DA7E7F01351F}.Release|Any CPU.ActiveCfg = Release|Any CPU
		{261AD094-AF58-4D99-AF15-DA7E7F01351F}.Release|Any CPU.Build.0 = Release|Any CPU
		{6C95D3DA-06DF-4836-B1F1-B5CA6ACBBD1D}.Debug|Any CPU.ActiveCfg = Debug|Any CPU
		{6C95D3DA-06DF-4836-B1F1-B5CA6ACBBD1D}.Debug|Any CPU.Build.0 = Debug|Any CPU
		{6C95D3DA-06DF-4836-B1F1-B5CA6ACBBD1D}.Release|Any CPU.ActiveCfg = Release|Any CPU
		{6C95D3DA-06DF-4836-B1F1-B5CA6ACBBD1D}.Release|Any CPU.Build.0 = Release|Any CPU
		{CFCD6F00-6BF1-4DF9-AE37-41D293B50D5D}.Debug|Any CPU.ActiveCfg = Debug|Any CPU
		{CFCD6F00-6BF1-4DF9-AE37-41D293B50D5D}.Debug|Any CPU.Build.0 = Debug|Any CPU
		{CFCD6F00-6BF1-4DF9-AE37-41D293B50D5D}.Release|Any CPU.ActiveCfg = Release|Any CPU
		{CFCD6F00-6BF1-4DF9-AE37-41D293B50D5D}.Release|Any CPU.Build.0 = Release|Any CPU
		{EB47B03D-77D1-48C3-A126-9C27DA22FEE9}.Debug|Any CPU.ActiveCfg = Debug|Any CPU
		{EB47B03D-77D1-48C3-A126-9C27DA22FEE9}.Debug|Any CPU.Build.0 = Debug|Any CPU
		{EB47B03D-77D1-48C3-A126-9C27DA22FEE9}.Release|Any CPU.ActiveCfg = Release|Any CPU
		{EB47B03D-77D1-48C3-A126-9C27DA22FEE9}.Release|Any CPU.Build.0 = Release|Any CPU
		{9EF7CF3B-6AAC-42B3-BAE6-16C01B87CF15}.Debug|Any CPU.ActiveCfg = Debug|Any CPU
		{9EF7CF3B-6AAC-42B3-BAE6-16C01B87CF15}.Debug|Any CPU.Build.0 = Debug|Any CPU
		{9EF7CF3B-6AAC-42B3-BAE6-16C01B87CF15}.Release|Any CPU.ActiveCfg = Release|Any CPU
		{9EF7CF3B-6AAC-42B3-BAE6-16C01B87CF15}.Release|Any CPU.Build.0 = Release|Any CPU
		{11718D07-1E4A-475E-B499-6F6F3926FACD}.Debug|Any CPU.ActiveCfg = Debug|Any CPU
		{11718D07-1E4A-475E-B499-6F6F3926FACD}.Debug|Any CPU.Build.0 = Debug|Any CPU
		{11718D07-1E4A-475E-B499-6F6F3926FACD}.Release|Any CPU.ActiveCfg = Release|Any CPU
		{11718D07-1E4A-475E-B499-6F6F3926FACD}.Release|Any CPU.Build.0 = Release|Any CPU
		{55A54FAD-14C8-4150-9E01-6D89AE6BAEC7}.Debug|Any CPU.ActiveCfg = Debug|Any CPU
		{55A54FAD-14C8-4150-9E01-6D89AE6BAEC7}.Debug|Any CPU.Build.0 = Debug|Any CPU
		{55A54FAD-14C8-4150-9E01-6D89AE6BAEC7}.Release|Any CPU.ActiveCfg = Release|Any CPU
		{55A54FAD-14C8-4150-9E01-6D89AE6BAEC7}.Release|Any CPU.Build.0 = Release|Any CPU
		{48956617-017B-42E3-B2BE-7587CD92D20A}.Debug|Any CPU.ActiveCfg = Debug|Any CPU
		{48956617-017B-42E3-B2BE-7587CD92D20A}.Debug|Any CPU.Build.0 = Debug|Any CPU
		{48956617-017B-42E3-B2BE-7587CD92D20A}.Release|Any CPU.ActiveCfg = Release|Any CPU
		{48956617-017B-42E3-B2BE-7587CD92D20A}.Release|Any CPU.Build.0 = Release|Any CPU
		{A7B5A7B0-C6BA-42EC-B5E9-4D53205333EA}.Debug|Any CPU.ActiveCfg = Debug|Any CPU
		{A7B5A7B0-C6BA-42EC-B5E9-4D53205333EA}.Debug|Any CPU.Build.0 = Debug|Any CPU
		{A7B5A7B0-C6BA-42EC-B5E9-4D53205333EA}.Release|Any CPU.ActiveCfg = Release|Any CPU
		{A7B5A7B0-C6BA-42EC-B5E9-4D53205333EA}.Release|Any CPU.Build.0 = Release|Any CPU
		{BB3F9C43-0FC7-44CD-B19A-6EF1BEA9A9A3}.Debug|Any CPU.ActiveCfg = Debug|Any CPU
		{BB3F9C43-0FC7-44CD-B19A-6EF1BEA9A9A3}.Debug|Any CPU.Build.0 = Debug|Any CPU
		{BB3F9C43-0FC7-44CD-B19A-6EF1BEA9A9A3}.Release|Any CPU.ActiveCfg = Release|Any CPU
		{BB3F9C43-0FC7-44CD-B19A-6EF1BEA9A9A3}.Release|Any CPU.Build.0 = Release|Any CPU
		{AE23F533-0A7D-4FCF-94D6-6F534453F99B}.Debug|Any CPU.ActiveCfg = Debug|Any CPU
		{AE23F533-0A7D-4FCF-94D6-6F534453F99B}.Debug|Any CPU.Build.0 = Debug|Any CPU
		{AE23F533-0A7D-4FCF-94D6-6F534453F99B}.Release|Any CPU.ActiveCfg = Release|Any CPU
		{AE23F533-0A7D-4FCF-94D6-6F534453F99B}.Release|Any CPU.Build.0 = Release|Any CPU
		{8D2C9E9A-7AB9-441E-A1BE-E17370ED8947}.Debug|Any CPU.ActiveCfg = Debug|Any CPU
		{8D2C9E9A-7AB9-441E-A1BE-E17370ED8947}.Debug|Any CPU.Build.0 = Debug|Any CPU
		{8D2C9E9A-7AB9-441E-A1BE-E17370ED8947}.Release|Any CPU.ActiveCfg = Release|Any CPU
		{8D2C9E9A-7AB9-441E-A1BE-E17370ED8947}.Release|Any CPU.Build.0 = Release|Any CPU
		{D6A9F1B0-53B3-45E3-BF19-8BBDE8B9E303}.Debug|Any CPU.ActiveCfg = Debug|Any CPU
		{D6A9F1B0-53B3-45E3-BF19-8BBDE8B9E303}.Debug|Any CPU.Build.0 = Debug|Any CPU
		{D6A9F1B0-53B3-45E3-BF19-8BBDE8B9E303}.Release|Any CPU.ActiveCfg = Release|Any CPU
		{D6A9F1B0-53B3-45E3-BF19-8BBDE8B9E303}.Release|Any CPU.Build.0 = Release|Any CPU
		{104C89A7-0003-4BB5-B2D4-BC87DDDACC03}.Debug|Any CPU.ActiveCfg = Debug|Any CPU
		{104C89A7-0003-4BB5-B2D4-BC87DDDACC03}.Debug|Any CPU.Build.0 = Debug|Any CPU
		{104C89A7-0003-4BB5-B2D4-BC87DDDACC03}.Release|Any CPU.ActiveCfg = Release|Any CPU
		{104C89A7-0003-4BB5-B2D4-BC87DDDACC03}.Release|Any CPU.Build.0 = Release|Any CPU
		{4EF061FB-1FD2-4B9B-9D83-F96246C4A573}.Debug|Any CPU.ActiveCfg = Debug|Any CPU
		{4EF061FB-1FD2-4B9B-9D83-F96246C4A573}.Debug|Any CPU.Build.0 = Debug|Any CPU
		{4EF061FB-1FD2-4B9B-9D83-F96246C4A573}.Release|Any CPU.ActiveCfg = Release|Any CPU
		{4EF061FB-1FD2-4B9B-9D83-F96246C4A573}.Release|Any CPU.Build.0 = Release|Any CPU
	EndGlobalSection
	GlobalSection(SolutionProperties) = preSolution
		HideSolutionNode = FALSE
	EndGlobalSection
	GlobalSection(NestedProjects) = preSolution
		{261AD094-AF58-4D99-AF15-DA7E7F01351F} = {48CAD3AE-CF49-4C93-9707-D8C7EAD1C2BB}
		{6C95D3DA-06DF-4836-B1F1-B5CA6ACBBD1D} = {48CAD3AE-CF49-4C93-9707-D8C7EAD1C2BB}
		{CFCD6F00-6BF1-4DF9-AE37-41D293B50D5D} = {48CAD3AE-CF49-4C93-9707-D8C7EAD1C2BB}
		{EB47B03D-77D1-48C3-A126-9C27DA22FEE9} = {B1D7B345-7CA9-4D75-92DD-8EE9A07E8110}
		{9EF7CF3B-6AAC-42B3-BAE6-16C01B87CF15} = {B1D7B345-7CA9-4D75-92DD-8EE9A07E8110}
		{11718D07-1E4A-475E-B499-6F6F3926FACD} = {B1D7B345-7CA9-4D75-92DD-8EE9A07E8110}
		{55A54FAD-14C8-4150-9E01-6D89AE6BAEC7} = {CEC7C6FB-E989-49CE-8290-1B90E4E7CBA6}
		{48956617-017B-42E3-B2BE-7587CD92D20A} = {CEC7C6FB-E989-49CE-8290-1B90E4E7CBA6}
		{A7B5A7B0-C6BA-42EC-B5E9-4D53205333EA} = {CEC7C6FB-E989-49CE-8290-1B90E4E7CBA6}
		{BB3F9C43-0FC7-44CD-B19A-6EF1BEA9A9A3} = {52C02E51-5C1A-43C7-9B17-C9FE8B220576}
		{AE23F533-0A7D-4FCF-94D6-6F534453F99B} = {52C02E51-5C1A-43C7-9B17-C9FE8B220576}
		{8D2C9E9A-7AB9-441E-A1BE-E17370ED8947} = {52C02E51-5C1A-43C7-9B17-C9FE8B220576}
		{D6A9F1B0-53B3-45E3-BF19-8BBDE8B9E303} = {7503BFDA-B9BC-424E-B31C-47F68A3639B9}
		{104C89A7-0003-4BB5-B2D4-BC87DDDACC03} = {7503BFDA-B9BC-424E-B31C-47F68A3639B9}
		{4EF061FB-1FD2-4B9B-9D83-F96246C4A573} = {7503BFDA-B9BC-424E-B31C-47F68A3639B9}
	EndGlobalSection
	GlobalSection(ExtensibilityGlobals) = postSolution
		SolutionGuid = {0CEA7F3C-0007-455D-A999-371990656E40}
	EndGlobalSection
EndGlobal
